
Microsoft Visual Studio Solution File, Format Version 12.00
# Visual Studio Version 17
VisualStudioVersion = 17.10.35013.160
MinimumVisualStudioVersion = 10.0.40219.1
Project("{FAE04EC0-301F-11D3-BF4B-00C04F79EFBC}") = "CS205_Calculator", "CS205_Calculator\CS205_Calculator.csproj", "{DACA0CE4-3003-45F8-9AC6-B6CED605A645}"
EndProject
Global
	GlobalSection(SolutionConfigurationPlatforms) = preSolution
		Debug|Any CPU = Debug|Any CPU
		Release|Any CPU = Release|Any CPU
	EndGlobalSection
	GlobalSection(ProjectConfigurationPlatforms) = postSolution
		{DACA0CE4-3003-45F8-9AC6-B6CED605A645}.Debug|Any CPU.ActiveCfg = Debug|Any CPU
		{DACA0CE4-3003-45F8-9AC6-B6CED605A645}.Debug|Any CPU.Build.0 = Debug|Any CPU
		{DACA0CE4-3003-45F8-9AC6-B6CED605A645}.Release|Any CPU.ActiveCfg = Release|Any CPU
		{DACA0CE4-3003-45F8-9AC6-B6CED605A645}.Release|Any CPU.Build.0 = Release|Any CPU
	EndGlobalSection
	GlobalSection(SolutionProperties) = preSolution
		HideSolutionNode = FALSE
	EndGlobalSection
	GlobalSection(ExtensibilityGlobals) = postSolution
		SolutionGuid = {35001D1F-D6E0-45B0-83F6-FAA9FDB50F22}
	EndGlobalSection
EndGlobal
